// !$*UTF8*$!
{
	archiveVersion = 1;
	classes = {
	};
	objectVersion = 56;
	objects = {

/* Begin PBXBuildFile section */
		CE028F8B297CE4A80022F471 /* log.swift in Sources */ = {isa = PBXBuildFile; fileRef = CE028F8A297CE4600022F471 /* log.swift */; };
		CE1405E8297E821F00989CDA /* ContentView.swift in Sources */ = {isa = PBXBuildFile; fileRef = CE1405E7297E821A00989CDA /* ContentView.swift */; };
		CE1405E9297E821F00989CDA /* MetalView.swift in Sources */ = {isa = PBXBuildFile; fileRef = CE1405E6297E80CA00989CDA /* MetalView.swift */; };
		CE1405EA297E823A00989CDA /* ContentView.swift in Sources */ = {isa = PBXBuildFile; fileRef = CE1405E7297E821A00989CDA /* ContentView.swift */; };
		CE1405EB297E823A00989CDA /* MetalView.swift in Sources */ = {isa = PBXBuildFile; fileRef = CE1405E6297E80CA00989CDA /* MetalView.swift */; };
		CE490F5C297E3D2100E334D6 /* Shaders.metal in Sources */ = {isa = PBXBuildFile; fileRef = CE490F59297E3D2100E334D6 /* Shaders.metal */; };
		CE490F5D297E3D2100E334D6 /* Renderer.swift in Sources */ = {isa = PBXBuildFile; fileRef = CE490F5A297E3D2100E334D6 /* Renderer.swift */; };
		CE490F5E297E3D3700E334D6 /* log.swift in Sources */ = {isa = PBXBuildFile; fileRef = CE028F8A297CE4600022F471 /* log.swift */; };
		CE490F60297E3E7900E334D6 /* Quad.swift in Sources */ = {isa = PBXBuildFile; fileRef = CE490F5F297E3E7900E334D6 /* Quad.swift */; };
		CE490F62297E583B00E334D6 /* VertexDescriptor.swift in Sources */ = {isa = PBXBuildFile; fileRef = CE490F61297E583B00E334D6 /* VertexDescriptor.swift */; };
		CE6697AB297E83D3000394DA /* c05_3d_transformationsApp.swift in Sources */ = {isa = PBXBuildFile; fileRef = CE6697AA297E83D3000394DA /* c05_3d_transformationsApp.swift */; };
		CE6697AF297E83D4000394DA /* Assets.xcassets in Resources */ = {isa = PBXBuildFile; fileRef = CE6697AE297E83D4000394DA /* Assets.xcassets */; };
		CE6697B3297E83D4000394DA /* Preview Assets.xcassets in Resources */ = {isa = PBXBuildFile; fileRef = CE6697B2297E83D4000394DA /* Preview Assets.xcassets */; };
		CE6697BB297E840B000394DA /* Shaders.metal in Sources */ = {isa = PBXBuildFile; fileRef = CE6697B7297E840B000394DA /* Shaders.metal */; };
		CE6697BC297E840B000394DA /* Quad.swift in Sources */ = {isa = PBXBuildFile; fileRef = CE6697B8297E840B000394DA /* Quad.swift */; };
		CE6697BD297E840B000394DA /* Renderer.swift in Sources */ = {isa = PBXBuildFile; fileRef = CE6697B9297E840B000394DA /* Renderer.swift */; };
		CE6697BE297E840B000394DA /* VertexDescriptor.swift in Sources */ = {isa = PBXBuildFile; fileRef = CE6697BA297E840B000394DA /* VertexDescriptor.swift */; };
		CE6697BF297E8410000394DA /* log.swift in Sources */ = {isa = PBXBuildFile; fileRef = CE028F8A297CE4600022F471 /* log.swift */; };
		CE6697C0297E8410000394DA /* ContentView.swift in Sources */ = {isa = PBXBuildFile; fileRef = CE1405E7297E821A00989CDA /* ContentView.swift */; };
		CE6697C1297E8410000394DA /* MetalView.swift in Sources */ = {isa = PBXBuildFile; fileRef = CE1405E6297E80CA00989CDA /* MetalView.swift */; };
		CEA8EC25297E3AF2005B5CA1 /* c04_vertex_functionApp.swift in Sources */ = {isa = PBXBuildFile; fileRef = CEA8EC24297E3AF2005B5CA1 /* c04_vertex_functionApp.swift */; };
		CEA8EC29297E3AF2005B5CA1 /* Assets.xcassets in Resources */ = {isa = PBXBuildFile; fileRef = CEA8EC28297E3AF2005B5CA1 /* Assets.xcassets */; };
		CEA8EC2D297E3AF2005B5CA1 /* Preview Assets.xcassets in Resources */ = {isa = PBXBuildFile; fileRef = CEA8EC2C297E3AF2005B5CA1 /* Preview Assets.xcassets */; };
		CEEFD154297C3385008CFE45 /* c03_rendering_pipeline.swift in Sources */ = {isa = PBXBuildFile; fileRef = CEEFD153297C3385008CFE45 /* c03_rendering_pipeline.swift */; };
		CEEFD158297C3386008CFE45 /* Assets.xcassets in Resources */ = {isa = PBXBuildFile; fileRef = CEEFD157297C3386008CFE45 /* Assets.xcassets */; };
		CEEFD15C297C3386008CFE45 /* Preview Assets.xcassets in Resources */ = {isa = PBXBuildFile; fileRef = CEEFD15B297C3386008CFE45 /* Preview Assets.xcassets */; };
		CEEFD165297C35DF008CFE45 /* Renderer.swift in Sources */ = {isa = PBXBuildFile; fileRef = CEEFD162297C35DF008CFE45 /* Renderer.swift */; };
		CEEFD167297C3674008CFE45 /* Shaders.metal in Sources */ = {isa = PBXBuildFile; fileRef = CEEFD166297C3674008CFE45 /* Shaders.metal */; };
/* End PBXBuildFile section */

/* Begin PBXFileReference section */
		CE028F8A297CE4600022F471 /* log.swift */ = {isa = PBXFileReference; lastKnownFileType = sourcecode.swift; path = log.swift; sourceTree = "<group>"; };
		CE1405E6297E80CA00989CDA /* MetalView.swift */ = {isa = PBXFileReference; lastKnownFileType = sourcecode.swift; path = MetalView.swift; sourceTree = "<group>"; };
		CE1405E7297E821A00989CDA /* ContentView.swift */ = {isa = PBXFileReference; lastKnownFileType = sourcecode.swift; path = ContentView.swift; sourceTree = "<group>"; };
		CE490F59297E3D2100E334D6 /* Shaders.metal */ = {isa = PBXFileReference; fileEncoding = 4; lastKnownFileType = sourcecode.metal; path = Shaders.metal; sourceTree = "<group>"; };
		CE490F5A297E3D2100E334D6 /* Renderer.swift */ = {isa = PBXFileReference; fileEncoding = 4; lastKnownFileType = sourcecode.swift; path = Renderer.swift; sourceTree = "<group>"; };
		CE490F5F297E3E7900E334D6 /* Quad.swift */ = {isa = PBXFileReference; lastKnownFileType = sourcecode.swift; path = Quad.swift; sourceTree = "<group>"; };
		CE490F61297E583B00E334D6 /* VertexDescriptor.swift */ = {isa = PBXFileReference; lastKnownFileType = sourcecode.swift; path = VertexDescriptor.swift; sourceTree = "<group>"; };
		CE490F69297E607A00E334D6 /* c05_3d_transformationsApp.swift */ = {isa = PBXFileReference; lastKnownFileType = sourcecode.swift; path = c05_3d_transformationsApp.swift; sourceTree = "<group>"; };
		CE490F6B297E607A00E334D6 /* ContentView.swift */ = {isa = PBXFileReference; lastKnownFileType = sourcecode.swift; path = ContentView.swift; sourceTree = "<group>"; };
		CE490F6D297E607B00E334D6 /* Assets.xcassets */ = {isa = PBXFileReference; lastKnownFileType = folder.assetcatalog; path = Assets.xcassets; sourceTree = "<group>"; };
		CE490F71297E607B00E334D6 /* Preview Assets.xcassets */ = {isa = PBXFileReference; lastKnownFileType = folder.assetcatalog; path = "Preview Assets.xcassets"; sourceTree = "<group>"; };
		CE490F76297E60C700E334D6 /* Shaders.metal */ = {isa = PBXFileReference; fileEncoding = 4; lastKnownFileType = sourcecode.metal; path = Shaders.metal; sourceTree = "<group>"; };
		CE490F77297E60C700E334D6 /* VertexDescriptor.swift */ = {isa = PBXFileReference; fileEncoding = 4; lastKnownFileType = sourcecode.swift; path = VertexDescriptor.swift; sourceTree = "<group>"; };
		CE490F78297E60C700E334D6 /* MetalView.swift */ = {isa = PBXFileReference; fileEncoding = 4; lastKnownFileType = sourcecode.swift; path = MetalView.swift; sourceTree = "<group>"; };
		CE490F79297E60C700E334D6 /* Quad.swift */ = {isa = PBXFileReference; fileEncoding = 4; lastKnownFileType = sourcecode.swift; path = Quad.swift; sourceTree = "<group>"; };
		CE490F7A297E60C700E334D6 /* Renderer.swift */ = {isa = PBXFileReference; fileEncoding = 4; lastKnownFileType = sourcecode.swift; path = Renderer.swift; sourceTree = "<group>"; };
		CE6697A8297E83D3000394DA /* c05-3d-transformations.app */ = {isa = PBXFileReference; explicitFileType = wrapper.application; includeInIndex = 0; path = "c05-3d-transformations.app"; sourceTree = BUILT_PRODUCTS_DIR; };
		CE6697AA297E83D3000394DA /* c05_3d_transformationsApp.swift */ = {isa = PBXFileReference; lastKnownFileType = sourcecode.swift; path = c05_3d_transformationsApp.swift; sourceTree = "<group>"; };
		CE6697AE297E83D4000394DA /* Assets.xcassets */ = {isa = PBXFileReference; lastKnownFileType = folder.assetcatalog; path = Assets.xcassets; sourceTree = "<group>"; };
		CE6697B0297E83D4000394DA /* c05_3d_transformations.entitlements */ = {isa = PBXFileReference; lastKnownFileType = text.plist.entitlements; path = c05_3d_transformations.entitlements; sourceTree = "<group>"; };
		CE6697B2297E83D4000394DA /* Preview Assets.xcassets */ = {isa = PBXFileReference; lastKnownFileType = folder.assetcatalog; path = "Preview Assets.xcassets"; sourceTree = "<group>"; };
		CE6697B7297E840B000394DA /* Shaders.metal */ = {isa = PBXFileReference; fileEncoding = 4; lastKnownFileType = sourcecode.metal; path = Shaders.metal; sourceTree = "<group>"; };
		CE6697B8297E840B000394DA /* Quad.swift */ = {isa = PBXFileReference; fileEncoding = 4; lastKnownFileType = sourcecode.swift; path = Quad.swift; sourceTree = "<group>"; };
		CE6697B9297E840B000394DA /* Renderer.swift */ = {isa = PBXFileReference; fileEncoding = 4; lastKnownFileType = sourcecode.swift; path = Renderer.swift; sourceTree = "<group>"; };
		CE6697BA297E840B000394DA /* VertexDescriptor.swift */ = {isa = PBXFileReference; fileEncoding = 4; lastKnownFileType = sourcecode.swift; path = VertexDescriptor.swift; sourceTree = "<group>"; };
		CEA8EC22297E3AF2005B5CA1 /* c04-vertex-function.app */ = {isa = PBXFileReference; explicitFileType = wrapper.application; includeInIndex = 0; path = "c04-vertex-function.app"; sourceTree = BUILT_PRODUCTS_DIR; };
		CEA8EC24297E3AF2005B5CA1 /* c04_vertex_functionApp.swift */ = {isa = PBXFileReference; lastKnownFileType = sourcecode.swift; path = c04_vertex_functionApp.swift; sourceTree = "<group>"; };
		CEA8EC28297E3AF2005B5CA1 /* Assets.xcassets */ = {isa = PBXFileReference; lastKnownFileType = folder.assetcatalog; path = Assets.xcassets; sourceTree = "<group>"; };
		CEA8EC2A297E3AF2005B5CA1 /* c04_vertex_function.entitlements */ = {isa = PBXFileReference; lastKnownFileType = text.plist.entitlements; path = c04_vertex_function.entitlements; sourceTree = "<group>"; };
		CEA8EC2C297E3AF2005B5CA1 /* Preview Assets.xcassets */ = {isa = PBXFileReference; lastKnownFileType = folder.assetcatalog; path = "Preview Assets.xcassets"; sourceTree = "<group>"; };
		CEEFD151297C3385008CFE45 /* c03-rendering-pipeline.app */ = {isa = PBXFileReference; explicitFileType = wrapper.application; includeInIndex = 0; path = "c03-rendering-pipeline.app"; sourceTree = BUILT_PRODUCTS_DIR; };
		CEEFD153297C3385008CFE45 /* c03_rendering_pipeline.swift */ = {isa = PBXFileReference; lastKnownFileType = sourcecode.swift; path = c03_rendering_pipeline.swift; sourceTree = "<group>"; };
		CEEFD157297C3386008CFE45 /* Assets.xcassets */ = {isa = PBXFileReference; lastKnownFileType = folder.assetcatalog; path = Assets.xcassets; sourceTree = "<group>"; };
		CEEFD159297C3386008CFE45 /* c03_rendering_pipeline.entitlements */ = {isa = PBXFileReference; lastKnownFileType = text.plist.entitlements; path = c03_rendering_pipeline.entitlements; sourceTree = "<group>"; };
		CEEFD15B297C3386008CFE45 /* Preview Assets.xcassets */ = {isa = PBXFileReference; lastKnownFileType = folder.assetcatalog; path = "Preview Assets.xcassets"; sourceTree = "<group>"; };
		CEEFD162297C35DF008CFE45 /* Renderer.swift */ = {isa = PBXFileReference; fileEncoding = 4; lastKnownFileType = sourcecode.swift; path = Renderer.swift; sourceTree = "<group>"; };
		CEEFD166297C3674008CFE45 /* Shaders.metal */ = {isa = PBXFileReference; fileEncoding = 4; lastKnownFileType = sourcecode.metal; path = Shaders.metal; sourceTree = "<group>"; };
/* End PBXFileReference section */

/* Begin PBXFrameworksBuildPhase section */
		CE6697A5297E83D3000394DA /* Frameworks */ = {
			isa = PBXFrameworksBuildPhase;
			buildActionMask = 2147483647;
			files = (
			);
			runOnlyForDeploymentPostprocessing = 0;
		};
		CEA8EC1F297E3AF2005B5CA1 /* Frameworks */ = {
			isa = PBXFrameworksBuildPhase;
			buildActionMask = 2147483647;
			files = (
			);
			runOnlyForDeploymentPostprocessing = 0;
		};
		CEEFD14E297C3385008CFE45 /* Frameworks */ = {
			isa = PBXFrameworksBuildPhase;
			buildActionMask = 2147483647;
			files = (
			);
			runOnlyForDeploymentPostprocessing = 0;
		};
/* End PBXFrameworksBuildPhase section */

/* Begin PBXGroup section */
		CE028F88297CE4160022F471 /* common */ = {
			isa = PBXGroup;
			children = (
				CE1405E5297E80AD00989CDA /* Utils */,
				CE1405E4297E808400989CDA /* SwiftUI */,
			);
			path = common;
			sourceTree = "<group>";
		};
		CE1405E4297E808400989CDA /* SwiftUI */ = {
			isa = PBXGroup;
			children = (
				CE1405E7297E821A00989CDA /* ContentView.swift */,
				CE1405E6297E80CA00989CDA /* MetalView.swift */,
			);
			path = SwiftUI;
			sourceTree = "<group>";
		};
		CE1405E5297E80AD00989CDA /* Utils */ = {
			isa = PBXGroup;
			children = (
				CE028F8A297CE4600022F471 /* log.swift */,
			);
			path = Utils;
			sourceTree = "<group>";
		};
		CE6697A3297E83A2000394DA /* Recovered References */ = {
			isa = PBXGroup;
			children = (
				CE490F79297E60C700E334D6 /* Quad.swift */,
				CE490F76297E60C700E334D6 /* Shaders.metal */,
				CE490F7A297E60C700E334D6 /* Renderer.swift */,
				CE490F6B297E607A00E334D6 /* ContentView.swift */,
				CE490F78297E60C700E334D6 /* MetalView.swift */,
				CE490F77297E60C700E334D6 /* VertexDescriptor.swift */,
				CE490F69297E607A00E334D6 /* c05_3d_transformationsApp.swift */,
				CE490F71297E607B00E334D6 /* Preview Assets.xcassets */,
				CE490F6D297E607B00E334D6 /* Assets.xcassets */,
			);
			name = "Recovered References";
			sourceTree = "<group>";
		};
		CE6697A9297E83D3000394DA /* c05-3d-transformations */ = {
			isa = PBXGroup;
			children = (
				CE6697B8297E840B000394DA /* Quad.swift */,
				CE6697B9297E840B000394DA /* Renderer.swift */,
				CE6697B7297E840B000394DA /* Shaders.metal */,
				CE6697BA297E840B000394DA /* VertexDescriptor.swift */,
				CE6697AA297E83D3000394DA /* c05_3d_transformationsApp.swift */,
				CE6697AE297E83D4000394DA /* Assets.xcassets */,
				CE6697B0297E83D4000394DA /* c05_3d_transformations.entitlements */,
				CE6697B1297E83D4000394DA /* Preview Content */,
			);
			path = "c05-3d-transformations";
			sourceTree = "<group>";
		};
		CE6697B1297E83D4000394DA /* Preview Content */ = {
			isa = PBXGroup;
			children = (
				CE6697B2297E83D4000394DA /* Preview Assets.xcassets */,
			);
			path = "Preview Content";
			sourceTree = "<group>";
		};
		CEA8EC23297E3AF2005B5CA1 /* c04-vertex-function */ = {
			isa = PBXGroup;
			children = (
				CE490F5F297E3E7900E334D6 /* Quad.swift */,
				CE490F5A297E3D2100E334D6 /* Renderer.swift */,
				CE490F61297E583B00E334D6 /* VertexDescriptor.swift */,
				CE490F59297E3D2100E334D6 /* Shaders.metal */,
				CEA8EC24297E3AF2005B5CA1 /* c04_vertex_functionApp.swift */,
				CEA8EC28297E3AF2005B5CA1 /* Assets.xcassets */,
				CEA8EC2A297E3AF2005B5CA1 /* c04_vertex_function.entitlements */,
				CEA8EC2B297E3AF2005B5CA1 /* Preview Content */,
			);
			path = "c04-vertex-function";
			sourceTree = "<group>";
		};
		CEA8EC2B297E3AF2005B5CA1 /* Preview Content */ = {
			isa = PBXGroup;
			children = (
				CEA8EC2C297E3AF2005B5CA1 /* Preview Assets.xcassets */,
			);
			path = "Preview Content";
			sourceTree = "<group>";
		};
		CEEFD132297C332A008CFE45 = {
			isa = PBXGroup;
			children = (
				CE028F88297CE4160022F471 /* common */,
				CEEFD152297C3385008CFE45 /* c03-rendering-pipeline */,
				CEA8EC23297E3AF2005B5CA1 /* c04-vertex-function */,
				CE6697A9297E83D3000394DA /* c05-3d-transformations */,
				CEEFD13C297C332A008CFE45 /* Products */,
				CE6697A3297E83A2000394DA /* Recovered References */,
			);
			sourceTree = "<group>";
		};
		CEEFD13C297C332A008CFE45 /* Products */ = {
			isa = PBXGroup;
			children = (
				CEEFD151297C3385008CFE45 /* c03-rendering-pipeline.app */,
				CEA8EC22297E3AF2005B5CA1 /* c04-vertex-function.app */,
				CE6697A8297E83D3000394DA /* c05-3d-transformations.app */,
			);
			name = Products;
			sourceTree = "<group>";
		};
		CEEFD152297C3385008CFE45 /* c03-rendering-pipeline */ = {
			isa = PBXGroup;
			children = (
				CEEFD166297C3674008CFE45 /* Shaders.metal */,
				CEEFD162297C35DF008CFE45 /* Renderer.swift */,
				CEEFD153297C3385008CFE45 /* c03_rendering_pipeline.swift */,
				CEEFD157297C3386008CFE45 /* Assets.xcassets */,
				CEEFD159297C3386008CFE45 /* c03_rendering_pipeline.entitlements */,
				CEEFD15A297C3386008CFE45 /* Preview Content */,
			);
			path = "c03-rendering-pipeline";
			sourceTree = "<group>";
		};
		CEEFD15A297C3386008CFE45 /* Preview Content */ = {
			isa = PBXGroup;
			children = (
				CEEFD15B297C3386008CFE45 /* Preview Assets.xcassets */,
			);
			path = "Preview Content";
			sourceTree = "<group>";
		};
/* End PBXGroup section */

/* Begin PBXNativeTarget section */
		CE6697A7297E83D3000394DA /* c05-3d-transformations */ = {
			isa = PBXNativeTarget;
			buildConfigurationList = CE6697B4297E83D4000394DA /* Build configuration list for PBXNativeTarget "c05-3d-transformations" */;
			buildPhases = (
				CE6697A4297E83D3000394DA /* Sources */,
				CE6697A5297E83D3000394DA /* Frameworks */,
				CE6697A6297E83D3000394DA /* Resources */,
			);
			buildRules = (
			);
			dependencies = (
			);
			name = "c05-3d-transformations";
			productName = "c05-3d-transformations";
			productReference = CE6697A8297E83D3000394DA /* c05-3d-transformations.app */;
			productType = "com.apple.product-type.application";
		};
		CEA8EC21297E3AF2005B5CA1 /* c04-vertex-function */ = {
			isa = PBXNativeTarget;
			buildConfigurationList = CEA8EC2E297E3AF2005B5CA1 /* Build configuration list for PBXNativeTarget "c04-vertex-function" */;
			buildPhases = (
				CEA8EC1E297E3AF2005B5CA1 /* Sources */,
				CEA8EC1F297E3AF2005B5CA1 /* Frameworks */,
				CEA8EC20297E3AF2005B5CA1 /* Resources */,
			);
			buildRules = (
			);
			dependencies = (
			);
			name = "c04-vertex-function";
			productName = "c04-vertex-function";
			productReference = CEA8EC22297E3AF2005B5CA1 /* c04-vertex-function.app */;
			productType = "com.apple.product-type.application";
		};
		CEEFD150297C3385008CFE45 /* c03-rendering-pipeline */ = {
			isa = PBXNativeTarget;
			buildConfigurationList = CEEFD15F297C3386008CFE45 /* Build configuration list for PBXNativeTarget "c03-rendering-pipeline" */;
			buildPhases = (
				CEEFD14D297C3385008CFE45 /* Sources */,
				CEEFD14E297C3385008CFE45 /* Frameworks */,
				CEEFD14F297C3385008CFE45 /* Resources */,
			);
			buildRules = (
			);
			dependencies = (
			);
			name = "c03-rendering-pipeline";
			productName = "01-hello-world";
			productReference = CEEFD151297C3385008CFE45 /* c03-rendering-pipeline.app */;
			productType = "com.apple.product-type.application";
		};
/* End PBXNativeTarget section */

/* Begin PBXProject section */
		CEEFD133297C332A008CFE45 /* Project object */ = {
			isa = PBXProject;
			attributes = {
				BuildIndependentTargetsInParallel = 1;
				LastSwiftUpdateCheck = 1400;
				LastUpgradeCheck = 1400;
				TargetAttributes = {
					CE6697A7297E83D3000394DA = {
						CreatedOnToolsVersion = 14.0.1;
					};
					CEA8EC21297E3AF2005B5CA1 = {
						CreatedOnToolsVersion = 14.0.1;
					};
					CEEFD150297C3385008CFE45 = {
						CreatedOnToolsVersion = 14.0.1;
					};
				};
			};
			buildConfigurationList = CEEFD136297C332A008CFE45 /* Build configuration list for PBXProject "metal-tutorial" */;
			compatibilityVersion = "Xcode 14.0";
			developmentRegion = en;
			hasScannedForEncodings = 0;
			knownRegions = (
				en,
				Base,
			);
			mainGroup = CEEFD132297C332A008CFE45;
			productRefGroup = CEEFD13C297C332A008CFE45 /* Products */;
			projectDirPath = "";
			projectRoot = "";
			targets = (
				CEEFD150297C3385008CFE45 /* c03-rendering-pipeline */,
				CEA8EC21297E3AF2005B5CA1 /* c04-vertex-function */,
				CE6697A7297E83D3000394DA /* c05-3d-transformations */,
			);
		};
/* End PBXProject section */

/* Begin PBXResourcesBuildPhase section */
		CE6697A6297E83D3000394DA /* Resources */ = {
			isa = PBXResourcesBuildPhase;
			buildActionMask = 2147483647;
			files = (
				CE6697B3297E83D4000394DA /* Preview Assets.xcassets in Resources */,
				CE6697AF297E83D4000394DA /* Assets.xcassets in Resources */,
			);
			runOnlyForDeploymentPostprocessing = 0;
		};
		CEA8EC20297E3AF2005B5CA1 /* Resources */ = {
			isa = PBXResourcesBuildPhase;
			buildActionMask = 2147483647;
			files = (
				CEA8EC2D297E3AF2005B5CA1 /* Preview Assets.xcassets in Resources */,
				CEA8EC29297E3AF2005B5CA1 /* Assets.xcassets in Resources */,
			);
			runOnlyForDeploymentPostprocessing = 0;
		};
		CEEFD14F297C3385008CFE45 /* Resources */ = {
			isa = PBXResourcesBuildPhase;
			buildActionMask = 2147483647;
			files = (
				CEEFD15C297C3386008CFE45 /* Preview Assets.xcassets in Resources */,
				CEEFD158297C3386008CFE45 /* Assets.xcassets in Resources */,
			);
			runOnlyForDeploymentPostprocessing = 0;
		};
/* End PBXResourcesBuildPhase section */

/* Begin PBXSourcesBuildPhase section */
		CE6697A4297E83D3000394DA /* Sources */ = {
			isa = PBXSourcesBuildPhase;
			buildActionMask = 2147483647;
			files = (
				CE6697BF297E8410000394DA /* log.swift in Sources */,
				CE6697C0297E8410000394DA /* ContentView.swift in Sources */,
				CE6697C1297E8410000394DA /* MetalView.swift in Sources */,
				CE6697BE297E840B000394DA /* VertexDescriptor.swift in Sources */,
				CE6697BD297E840B000394DA /* Renderer.swift in Sources */,
				CE6697BC297E840B000394DA /* Quad.swift in Sources */,
				CE6697BB297E840B000394DA /* Shaders.metal in Sources */,
				CE6697AB297E83D3000394DA /* c05_3d_transformationsApp.swift in Sources */,
			);
			runOnlyForDeploymentPostprocessing = 0;
		};
		CEA8EC1E297E3AF2005B5CA1 /* Sources */ = {
			isa = PBXSourcesBuildPhase;
			buildActionMask = 2147483647;
			files = (
				CE1405EA297E823A00989CDA /* ContentView.swift in Sources */,
				CE1405EB297E823A00989CDA /* MetalView.swift in Sources */,
				CE490F5E297E3D3700E334D6 /* log.swift in Sources */,
				CE490F60297E3E7900E334D6 /* Quad.swift in Sources */,
				CE490F5C297E3D2100E334D6 /* Shaders.metal in Sources */,
				CE490F5D297E3D2100E334D6 /* Renderer.swift in Sources */,
				CE490F62297E583B00E334D6 /* VertexDescriptor.swift in Sources */,
				CEA8EC25297E3AF2005B5CA1 /* c04_vertex_functionApp.swift in Sources */,
			);
			runOnlyForDeploymentPostprocessing = 0;
		};
		CEEFD14D297C3385008CFE45 /* Sources */ = {
			isa = PBXSourcesBuildPhase;
			buildActionMask = 2147483647;
			files = (
				CE1405E8297E821F00989CDA /* ContentView.swift in Sources */,
				CE1405E9297E821F00989CDA /* MetalView.swift in Sources */,
				CE028F8B297CE4A80022F471 /* log.swift in Sources */,
				CEEFD154297C3385008CFE45 /* c03_rendering_pipeline.swift in Sources */,
				CEEFD165297C35DF008CFE45 /* Renderer.swift in Sources */,
				CEEFD167297C3674008CFE45 /* Shaders.metal in Sources */,
			);
			runOnlyForDeploymentPostprocessing = 0;
		};
/* End PBXSourcesBuildPhase section */

/* Begin XCBuildConfiguration section */
		CE6697B5297E83D4000394DA /* Debug */ = {
			isa = XCBuildConfiguration;
			buildSettings = {
				ASSETCATALOG_COMPILER_APPICON_NAME = AppIcon;
				ASSETCATALOG_COMPILER_GLOBAL_ACCENT_COLOR_NAME = AccentColor;
				CODE_SIGN_ENTITLEMENTS = "c05-3d-transformations/c05_3d_transformations.entitlements";
				CODE_SIGN_STYLE = Automatic;
				CURRENT_PROJECT_VERSION = 1;
				DEVELOPMENT_ASSET_PATHS = "\"c05-3d-transformations/Preview Content\"";
				DEVELOPMENT_TEAM = Z27J28NH32;
				ENABLE_HARDENED_RUNTIME = YES;
				ENABLE_PREVIEWS = YES;
				GENERATE_INFOPLIST_FILE = YES;
				"INFOPLIST_KEY_UIApplicationSceneManifest_Generation[sdk=iphoneos*]" = YES;
				"INFOPLIST_KEY_UIApplicationSceneManifest_Generation[sdk=iphonesimulator*]" = YES;
				"INFOPLIST_KEY_UIApplicationSupportsIndirectInputEvents[sdk=iphoneos*]" = YES;
				"INFOPLIST_KEY_UIApplicationSupportsIndirectInputEvents[sdk=iphonesimulator*]" = YES;
				"INFOPLIST_KEY_UILaunchScreen_Generation[sdk=iphoneos*]" = YES;
				"INFOPLIST_KEY_UILaunchScreen_Generation[sdk=iphonesimulator*]" = YES;
				"INFOPLIST_KEY_UIStatusBarStyle[sdk=iphoneos*]" = UIStatusBarStyleDefault;
				"INFOPLIST_KEY_UIStatusBarStyle[sdk=iphonesimulator*]" = UIStatusBarStyleDefault;
				INFOPLIST_KEY_UISupportedInterfaceOrientations_iPad = "UIInterfaceOrientationPortrait UIInterfaceOrientationPortraitUpsideDown UIInterfaceOrientationLandscapeLeft UIInterfaceOrientationLandscapeRight";
				INFOPLIST_KEY_UISupportedInterfaceOrientations_iPhone = "UIInterfaceOrientationPortrait UIInterfaceOrientationLandscapeLeft UIInterfaceOrientationLandscapeRight";
				IPHONEOS_DEPLOYMENT_TARGET = 16.0;
				LD_RUNPATH_SEARCH_PATHS = "@executable_path/Frameworks";
				"LD_RUNPATH_SEARCH_PATHS[sdk=macosx*]" = "@executable_path/../Frameworks";
				MACOSX_DEPLOYMENT_TARGET = 12.3;
				MARKETING_VERSION = 1.0;
				PRODUCT_BUNDLE_IDENTIFIER = "charles.c05-3d-transformations";
				PRODUCT_NAME = "$(TARGET_NAME)";
				SDKROOT = auto;
				SUPPORTED_PLATFORMS = "iphoneos iphonesimulator macosx";
				SWIFT_EMIT_LOC_STRINGS = YES;
				SWIFT_VERSION = 5.0;
				TARGETED_DEVICE_FAMILY = "1,2";
			};
			name = Debug;
		};
		CE6697B6297E83D4000394DA /* Release */ = {
			isa = XCBuildConfiguration;
			buildSettings = {
				ASSETCATALOG_COMPILER_APPICON_NAME = AppIcon;
				ASSETCATALOG_COMPILER_GLOBAL_ACCENT_COLOR_NAME = AccentColor;
				CODE_SIGN_ENTITLEMENTS = "c05-3d-transformations/c05_3d_transformations.entitlements";
				CODE_SIGN_STYLE = Automatic;
				CURRENT_PROJECT_VERSION = 1;
				DEVELOPMENT_ASSET_PATHS = "\"c05-3d-transformations/Preview Content\"";
				DEVELOPMENT_TEAM = Z27J28NH32;
				ENABLE_HARDENED_RUNTIME = YES;
				ENABLE_PREVIEWS = YES;
				GENERATE_INFOPLIST_FILE = YES;
				"INFOPLIST_KEY_UIApplicationSceneManifest_Generation[sdk=iphoneos*]" = YES;
				"INFOPLIST_KEY_UIApplicationSceneManifest_Generation[sdk=iphonesimulator*]" = YES;
				"INFOPLIST_KEY_UIApplicationSupportsIndirectInputEvents[sdk=iphoneos*]" = YES;
				"INFOPLIST_KEY_UIApplicationSupportsIndirectInputEvents[sdk=iphonesimulator*]" = YES;
				"INFOPLIST_KEY_UILaunchScreen_Generation[sdk=iphoneos*]" = YES;
				"INFOPLIST_KEY_UILaunchScreen_Generation[sdk=iphonesimulator*]" = YES;
				"INFOPLIST_KEY_UIStatusBarStyle[sdk=iphoneos*]" = UIStatusBarStyleDefault;
				"INFOPLIST_KEY_UIStatusBarStyle[sdk=iphonesimulator*]" = UIStatusBarStyleDefault;
				INFOPLIST_KEY_UISupportedInterfaceOrientations_iPad = "UIInterfaceOrientationPortrait UIInterfaceOrientationPortraitUpsideDown UIInterfaceOrientationLandscapeLeft UIInterfaceOrientationLandscapeRight";
				INFOPLIST_KEY_UISupportedInterfaceOrientations_iPhone = "UIInterfaceOrientationPortrait UIInterfaceOrientationLandscapeLeft UIInterfaceOrientationLandscapeRight";
				IPHONEOS_DEPLOYMENT_TARGET = 16.0;
				LD_RUNPATH_SEARCH_PATHS = "@executable_path/Frameworks";
				"LD_RUNPATH_SEARCH_PATHS[sdk=macosx*]" = "@executable_path/../Frameworks";
				MACOSX_DEPLOYMENT_TARGET = 12.3;
				MARKETING_VERSION = 1.0;
				PRODUCT_BUNDLE_IDENTIFIER = "charles.c05-3d-transformations";
				PRODUCT_NAME = "$(TARGET_NAME)";
				SDKROOT = auto;
				SUPPORTED_PLATFORMS = "iphoneos iphonesimulator macosx";
				SWIFT_EMIT_LOC_STRINGS = YES;
				SWIFT_VERSION = 5.0;
				TARGETED_DEVICE_FAMILY = "1,2";
			};
			name = Release;
		};
		CEA8EC2F297E3AF2005B5CA1 /* Debug */ = {
			isa = XCBuildConfiguration;
			buildSettings = {
				ASSETCATALOG_COMPILER_APPICON_NAME = AppIcon;
				ASSETCATALOG_COMPILER_GLOBAL_ACCENT_COLOR_NAME = AccentColor;
				CODE_SIGN_ENTITLEMENTS = "c04-vertex-function/c04_vertex_function.entitlements";
				"CODE_SIGN_IDENTITY[sdk=macosx*]" = "-";
				CODE_SIGN_STYLE = Automatic;
				CURRENT_PROJECT_VERSION = 1;
				DEVELOPMENT_ASSET_PATHS = "\"c04-vertex-function/Preview Content\"";
				DEVELOPMENT_TEAM = Z27J28NH32;
				ENABLE_HARDENED_RUNTIME = YES;
				ENABLE_PREVIEWS = YES;
				GENERATE_INFOPLIST_FILE = YES;
				"INFOPLIST_KEY_UIApplicationSceneManifest_Generation[sdk=iphoneos*]" = YES;
				"INFOPLIST_KEY_UIApplicationSceneManifest_Generation[sdk=iphonesimulator*]" = YES;
				"INFOPLIST_KEY_UIApplicationSupportsIndirectInputEvents[sdk=iphoneos*]" = YES;
				"INFOPLIST_KEY_UIApplicationSupportsIndirectInputEvents[sdk=iphonesimulator*]" = YES;
				"INFOPLIST_KEY_UILaunchScreen_Generation[sdk=iphoneos*]" = YES;
				"INFOPLIST_KEY_UILaunchScreen_Generation[sdk=iphonesimulator*]" = YES;
				"INFOPLIST_KEY_UIStatusBarStyle[sdk=iphoneos*]" = UIStatusBarStyleDefault;
				"INFOPLIST_KEY_UIStatusBarStyle[sdk=iphonesimulator*]" = UIStatusBarStyleDefault;
				INFOPLIST_KEY_UISupportedInterfaceOrientations_iPad = "UIInterfaceOrientationPortrait UIInterfaceOrientationPortraitUpsideDown UIInterfaceOrientationLandscapeLeft UIInterfaceOrientationLandscapeRight";
				INFOPLIST_KEY_UISupportedInterfaceOrientations_iPhone = "UIInterfaceOrientationPortrait UIInterfaceOrientationLandscapeLeft UIInterfaceOrientationLandscapeRight";
				IPHONEOS_DEPLOYMENT_TARGET = 16.0;
				LD_RUNPATH_SEARCH_PATHS = "@executable_path/Frameworks";
				"LD_RUNPATH_SEARCH_PATHS[sdk=macosx*]" = "@executable_path/../Frameworks";
				MACOSX_DEPLOYMENT_TARGET = 12.3;
				MARKETING_VERSION = 1.0;
				PRODUCT_BUNDLE_IDENTIFIER = "charles.c04-vertex-function";
				PRODUCT_NAME = "$(TARGET_NAME)";
				SDKROOT = auto;
				SUPPORTED_PLATFORMS = "iphoneos iphonesimulator macosx";
				SWIFT_EMIT_LOC_STRINGS = YES;
				SWIFT_VERSION = 5.0;
				TARGETED_DEVICE_FAMILY = "1,2";
			};
			name = Debug;
		};
		CEA8EC30297E3AF2005B5CA1 /* Release */ = {
			isa = XCBuildConfiguration;
			buildSettings = {
				ASSETCATALOG_COMPILER_APPICON_NAME = AppIcon;
				ASSETCATALOG_COMPILER_GLOBAL_ACCENT_COLOR_NAME = AccentColor;
				CODE_SIGN_ENTITLEMENTS = "c04-vertex-function/c04_vertex_function.entitlements";
				"CODE_SIGN_IDENTITY[sdk=macosx*]" = "-";
				CODE_SIGN_STYLE = Automatic;
				CURRENT_PROJECT_VERSION = 1;
				DEVELOPMENT_ASSET_PATHS = "\"c04-vertex-function/Preview Content\"";
				DEVELOPMENT_TEAM = Z27J28NH32;
				ENABLE_HARDENED_RUNTIME = YES;
				ENABLE_PREVIEWS = YES;
				GENERATE_INFOPLIST_FILE = YES;
				"INFOPLIST_KEY_UIApplicationSceneManifest_Generation[sdk=iphoneos*]" = YES;
				"INFOPLIST_KEY_UIApplicationSceneManifest_Generation[sdk=iphonesimulator*]" = YES;
				"INFOPLIST_KEY_UIApplicationSupportsIndirectInputEvents[sdk=iphoneos*]" = YES;
				"INFOPLIST_KEY_UIApplicationSupportsIndirectInputEvents[sdk=iphonesimulator*]" = YES;
				"INFOPLIST_KEY_UILaunchScreen_Generation[sdk=iphoneos*]" = YES;
				"INFOPLIST_KEY_UILaunchScreen_Generation[sdk=iphonesimulator*]" = YES;
				"INFOPLIST_KEY_UIStatusBarStyle[sdk=iphoneos*]" = UIStatusBarStyleDefault;
				"INFOPLIST_KEY_UIStatusBarStyle[sdk=iphonesimulator*]" = UIStatusBarStyleDefault;
				INFOPLIST_KEY_UISupportedInterfaceOrientations_iPad = "UIInterfaceOrientationPortrait UIInterfaceOrientationPortraitUpsideDown UIInterfaceOrientationLandscapeLeft UIInterfaceOrientationLandscapeRight";
				INFOPLIST_KEY_UISupportedInterfaceOrientations_iPhone = "UIInterfaceOrientationPortrait UIInterfaceOrientationLandscapeLeft UIInterfaceOrientationLandscapeRight";
				IPHONEOS_DEPLOYMENT_TARGET = 16.0;
				LD_RUNPATH_SEARCH_PATHS = "@executable_path/Frameworks";
				"LD_RUNPATH_SEARCH_PATHS[sdk=macosx*]" = "@executable_path/../Frameworks";
				MACOSX_DEPLOYMENT_TARGET = 12.3;
				MARKETING_VERSION = 1.0;
				PRODUCT_BUNDLE_IDENTIFIER = "charles.c04-vertex-function";
				PRODUCT_NAME = "$(TARGET_NAME)";
				SDKROOT = auto;
				SUPPORTED_PLATFORMS = "iphoneos iphonesimulator macosx";
				SWIFT_EMIT_LOC_STRINGS = YES;
				SWIFT_VERSION = 5.0;
				TARGETED_DEVICE_FAMILY = "1,2";
			};
			name = Release;
		};
		CEEFD148297C332B008CFE45 /* Debug */ = {
			isa = XCBuildConfiguration;
			buildSettings = {
				ALWAYS_SEARCH_USER_PATHS = NO;
				CLANG_ANALYZER_NONNULL = YES;
				CLANG_ANALYZER_NUMBER_OBJECT_CONVERSION = YES_AGGRESSIVE;
				CLANG_CXX_LANGUAGE_STANDARD = "gnu++20";
				CLANG_ENABLE_MODULES = YES;
				CLANG_ENABLE_OBJC_ARC = YES;
				CLANG_ENABLE_OBJC_WEAK = YES;
				CLANG_WARN_BLOCK_CAPTURE_AUTORELEASING = YES;
				CLANG_WARN_BOOL_CONVERSION = YES;
				CLANG_WARN_COMMA = YES;
				CLANG_WARN_CONSTANT_CONVERSION = YES;
				CLANG_WARN_DEPRECATED_OBJC_IMPLEMENTATIONS = YES;
				CLANG_WARN_DIRECT_OBJC_ISA_USAGE = YES_ERROR;
				CLANG_WARN_DOCUMENTATION_COMMENTS = YES;
				CLANG_WARN_EMPTY_BODY = YES;
				CLANG_WARN_ENUM_CONVERSION = YES;
				CLANG_WARN_INFINITE_RECURSION = YES;
				CLANG_WARN_INT_CONVERSION = YES;
				CLANG_WARN_NON_LITERAL_NULL_CONVERSION = YES;
				CLANG_WARN_OBJC_IMPLICIT_RETAIN_SELF = YES;
				CLANG_WARN_OBJC_LITERAL_CONVERSION = YES;
				CLANG_WARN_OBJC_ROOT_CLASS = YES_ERROR;
				CLANG_WARN_QUOTED_INCLUDE_IN_FRAMEWORK_HEADER = YES;
				CLANG_WARN_RANGE_LOOP_ANALYSIS = YES;
				CLANG_WARN_STRICT_PROTOTYPES = YES;
				CLANG_WARN_SUSPICIOUS_MOVE = YES;
				CLANG_WARN_UNGUARDED_AVAILABILITY = YES_AGGRESSIVE;
				CLANG_WARN_UNREACHABLE_CODE = YES;
				CLANG_WARN__DUPLICATE_METHOD_MATCH = YES;
				COPY_PHASE_STRIP = NO;
				DEBUG_INFORMATION_FORMAT = dwarf;
				ENABLE_STRICT_OBJC_MSGSEND = YES;
				ENABLE_TESTABILITY = YES;
				GCC_C_LANGUAGE_STANDARD = gnu11;
				GCC_DYNAMIC_NO_PIC = NO;
				GCC_NO_COMMON_BLOCKS = YES;
				GCC_OPTIMIZATION_LEVEL = 0;
				GCC_PREPROCESSOR_DEFINITIONS = (
					"DEBUG=1",
					"$(inherited)",
				);
				GCC_WARN_64_TO_32_BIT_CONVERSION = YES;
				GCC_WARN_ABOUT_RETURN_TYPE = YES_ERROR;
				GCC_WARN_UNDECLARED_SELECTOR = YES;
				GCC_WARN_UNINITIALIZED_AUTOS = YES_AGGRESSIVE;
				GCC_WARN_UNUSED_FUNCTION = YES;
				GCC_WARN_UNUSED_VARIABLE = YES;
				MTL_ENABLE_DEBUG_INFO = INCLUDE_SOURCE;
				MTL_FAST_MATH = YES;
				ONLY_ACTIVE_ARCH = YES;
				SWIFT_ACTIVE_COMPILATION_CONDITIONS = DEBUG;
				SWIFT_OPTIMIZATION_LEVEL = "-Onone";
			};
			name = Debug;
		};
		CEEFD149297C332B008CFE45 /* Release */ = {
			isa = XCBuildConfiguration;
			buildSettings = {
				ALWAYS_SEARCH_USER_PATHS = NO;
				CLANG_ANALYZER_NONNULL = YES;
				CLANG_ANALYZER_NUMBER_OBJECT_CONVERSION = YES_AGGRESSIVE;
				CLANG_CXX_LANGUAGE_STANDARD = "gnu++20";
				CLANG_ENABLE_MODULES = YES;
				CLANG_ENABLE_OBJC_ARC = YES;
				CLANG_ENABLE_OBJC_WEAK = YES;
				CLANG_WARN_BLOCK_CAPTURE_AUTORELEASING = YES;
				CLANG_WARN_BOOL_CONVERSION = YES;
				CLANG_WARN_COMMA = YES;
				CLANG_WARN_CONSTANT_CONVERSION = YES;
				CLANG_WARN_DEPRECATED_OBJC_IMPLEMENTATIONS = YES;
				CLANG_WARN_DIRECT_OBJC_ISA_USAGE = YES_ERROR;
				CLANG_WARN_DOCUMENTATION_COMMENTS = YES;
				CLANG_WARN_EMPTY_BODY = YES;
				CLANG_WARN_ENUM_CONVERSION = YES;
				CLANG_WARN_INFINITE_RECURSION = YES;
				CLANG_WARN_INT_CONVERSION = YES;
				CLANG_WARN_NON_LITERAL_NULL_CONVERSION = YES;
				CLANG_WARN_OBJC_IMPLICIT_RETAIN_SELF = YES;
				CLANG_WARN_OBJC_LITERAL_CONVERSION = YES;
				CLANG_WARN_OBJC_ROOT_CLASS = YES_ERROR;
				CLANG_WARN_QUOTED_INCLUDE_IN_FRAMEWORK_HEADER = YES;
				CLANG_WARN_RANGE_LOOP_ANALYSIS = YES;
				CLANG_WARN_STRICT_PROTOTYPES = YES;
				CLANG_WARN_SUSPICIOUS_MOVE = YES;
				CLANG_WARN_UNGUARDED_AVAILABILITY = YES_AGGRESSIVE;
				CLANG_WARN_UNREACHABLE_CODE = YES;
				CLANG_WARN__DUPLICATE_METHOD_MATCH = YES;
				COPY_PHASE_STRIP = NO;
				DEBUG_INFORMATION_FORMAT = "dwarf-with-dsym";
				ENABLE_NS_ASSERTIONS = NO;
				ENABLE_STRICT_OBJC_MSGSEND = YES;
				GCC_C_LANGUAGE_STANDARD = gnu11;
				GCC_NO_COMMON_BLOCKS = YES;
				GCC_WARN_64_TO_32_BIT_CONVERSION = YES;
				GCC_WARN_ABOUT_RETURN_TYPE = YES_ERROR;
				GCC_WARN_UNDECLARED_SELECTOR = YES;
				GCC_WARN_UNINITIALIZED_AUTOS = YES_AGGRESSIVE;
				GCC_WARN_UNUSED_FUNCTION = YES;
				GCC_WARN_UNUSED_VARIABLE = YES;
				MTL_ENABLE_DEBUG_INFO = NO;
				MTL_FAST_MATH = YES;
				SWIFT_COMPILATION_MODE = wholemodule;
				SWIFT_OPTIMIZATION_LEVEL = "-O";
			};
			name = Release;
		};
		CEEFD15D297C3386008CFE45 /* Debug */ = {
			isa = XCBuildConfiguration;
			buildSettings = {
				ASSETCATALOG_COMPILER_APPICON_NAME = AppIcon;
				ASSETCATALOG_COMPILER_GLOBAL_ACCENT_COLOR_NAME = AccentColor;
				CODE_SIGN_ENTITLEMENTS = "c03-rendering-pipeline/c03_rendering_pipeline.entitlements";
				"CODE_SIGN_IDENTITY[sdk=macosx*]" = "-";
				CODE_SIGN_STYLE = Automatic;
				CURRENT_PROJECT_VERSION = 1;
				DEVELOPMENT_ASSET_PATHS = "\"c03-rendering-pipeline/Preview Content\"";
				DEVELOPMENT_TEAM = Z27J28NH32;
				ENABLE_HARDENED_RUNTIME = YES;
				ENABLE_PREVIEWS = YES;
				GENERATE_INFOPLIST_FILE = YES;
				"INFOPLIST_KEY_UIApplicationSceneManifest_Generation[sdk=iphoneos*]" = YES;
				"INFOPLIST_KEY_UIApplicationSceneManifest_Generation[sdk=iphonesimulator*]" = YES;
				"INFOPLIST_KEY_UIApplicationSupportsIndirectInputEvents[sdk=iphoneos*]" = YES;
				"INFOPLIST_KEY_UIApplicationSupportsIndirectInputEvents[sdk=iphonesimulator*]" = YES;
				"INFOPLIST_KEY_UILaunchScreen_Generation[sdk=iphoneos*]" = YES;
				"INFOPLIST_KEY_UILaunchScreen_Generation[sdk=iphonesimulator*]" = YES;
				"INFOPLIST_KEY_UIStatusBarStyle[sdk=iphoneos*]" = UIStatusBarStyleDefault;
				"INFOPLIST_KEY_UIStatusBarStyle[sdk=iphonesimulator*]" = UIStatusBarStyleDefault;
				INFOPLIST_KEY_UISupportedInterfaceOrientations_iPad = "UIInterfaceOrientationPortrait UIInterfaceOrientationPortraitUpsideDown UIInterfaceOrientationLandscapeLeft UIInterfaceOrientationLandscapeRight";
				INFOPLIST_KEY_UISupportedInterfaceOrientations_iPhone = "UIInterfaceOrientationPortrait UIInterfaceOrientationLandscapeLeft UIInterfaceOrientationLandscapeRight";
				IPHONEOS_DEPLOYMENT_TARGET = 16.0;
				LD_RUNPATH_SEARCH_PATHS = "@executable_path/Frameworks";
				"LD_RUNPATH_SEARCH_PATHS[sdk=macosx*]" = "@executable_path/../Frameworks";
				MACOSX_DEPLOYMENT_TARGET = 12.3;
				MARKETING_VERSION = 1.0;
				PRODUCT_BUNDLE_IDENTIFIER = "charles.c03-rendering-pipeline";
				PRODUCT_NAME = "$(TARGET_NAME)";
				SDKROOT = auto;
				SUPPORTED_PLATFORMS = "iphoneos iphonesimulator macosx";
				SWIFT_EMIT_LOC_STRINGS = YES;
				SWIFT_VERSION = 5.0;
				TARGETED_DEVICE_FAMILY = "1,2";
			};
			name = Debug;
		};
		CEEFD15E297C3386008CFE45 /* Release */ = {
			isa = XCBuildConfiguration;
			buildSettings = {
				ASSETCATALOG_COMPILER_APPICON_NAME = AppIcon;
				ASSETCATALOG_COMPILER_GLOBAL_ACCENT_COLOR_NAME = AccentColor;
				CODE_SIGN_ENTITLEMENTS = "c03-rendering-pipeline/c03_rendering_pipeline.entitlements";
				"CODE_SIGN_IDENTITY[sdk=macosx*]" = "-";
				CODE_SIGN_STYLE = Automatic;
				CURRENT_PROJECT_VERSION = 1;
				DEVELOPMENT_ASSET_PATHS = "\"c03-rendering-pipeline/Preview Content\"";
				DEVELOPMENT_TEAM = Z27J28NH32;
				ENABLE_HARDENED_RUNTIME = YES;
				ENABLE_PREVIEWS = YES;
				GENERATE_INFOPLIST_FILE = YES;
				"INFOPLIST_KEY_UIApplicationSceneManifest_Generation[sdk=iphoneos*]" = YES;
				"INFOPLIST_KEY_UIApplicationSceneManifest_Generation[sdk=iphonesimulator*]" = YES;
				"INFOPLIST_KEY_UIApplicationSupportsIndirectInputEvents[sdk=iphoneos*]" = YES;
				"INFOPLIST_KEY_UIApplicationSupportsIndirectInputEvents[sdk=iphonesimulator*]" = YES;
				"INFOPLIST_KEY_UILaunchScreen_Generation[sdk=iphoneos*]" = YES;
				"INFOPLIST_KEY_UILaunchScreen_Generation[sdk=iphonesimulator*]" = YES;
				"INFOPLIST_KEY_UIStatusBarStyle[sdk=iphoneos*]" = UIStatusBarStyleDefault;
				"INFOPLIST_KEY_UIStatusBarStyle[sdk=iphonesimulator*]" = UIStatusBarStyleDefault;
				INFOPLIST_KEY_UISupportedInterfaceOrientations_iPad = "UIInterfaceOrientationPortrait UIInterfaceOrientationPortraitUpsideDown UIInterfaceOrientationLandscapeLeft UIInterfaceOrientationLandscapeRight";
				INFOPLIST_KEY_UISupportedInterfaceOrientations_iPhone = "UIInterfaceOrientationPortrait UIInterfaceOrientationLandscapeLeft UIInterfaceOrientationLandscapeRight";
				IPHONEOS_DEPLOYMENT_TARGET = 16.0;
				LD_RUNPATH_SEARCH_PATHS = "@executable_path/Frameworks";
				"LD_RUNPATH_SEARCH_PATHS[sdk=macosx*]" = "@executable_path/../Frameworks";
				MACOSX_DEPLOYMENT_TARGET = 12.3;
				MARKETING_VERSION = 1.0;
				PRODUCT_BUNDLE_IDENTIFIER = "charles.c03-rendering-pipeline";
				PRODUCT_NAME = "$(TARGET_NAME)";
				SDKROOT = auto;
				SUPPORTED_PLATFORMS = "iphoneos iphonesimulator macosx";
				SWIFT_EMIT_LOC_STRINGS = YES;
				SWIFT_VERSION = 5.0;
				TARGETED_DEVICE_FAMILY = "1,2";
			};
			name = Release;
		};
/* End XCBuildConfiguration section */

/* Begin XCConfigurationList section */
		CE6697B4297E83D4000394DA /* Build configuration list for PBXNativeTarget "c05-3d-transformations" */ = {
			isa = XCConfigurationList;
			buildConfigurations = (
				CE6697B5297E83D4000394DA /* Debug */,
				CE6697B6297E83D4000394DA /* Release */,
			);
			defaultConfigurationIsVisible = 0;
			defaultConfigurationName = Release;
		};
		CEA8EC2E297E3AF2005B5CA1 /* Build configuration list for PBXNativeTarget "c04-vertex-function" */ = {
			isa = XCConfigurationList;
			buildConfigurations = (
				CEA8EC2F297E3AF2005B5CA1 /* Debug */,
				CEA8EC30297E3AF2005B5CA1 /* Release */,
			);
			defaultConfigurationIsVisible = 0;
			defaultConfigurationName = Release;
		};
		CEEFD136297C332A008CFE45 /* Build configuration list for PBXProject "metal-tutorial" */ = {
			isa = XCConfigurationList;
			buildConfigurations = (
				CEEFD148297C332B008CFE45 /* Debug */,
				CEEFD149297C332B008CFE45 /* Release */,
			);
			defaultConfigurationIsVisible = 0;
			defaultConfigurationName = Release;
		};
		CEEFD15F297C3386008CFE45 /* Build configuration list for PBXNativeTarget "c03-rendering-pipeline" */ = {
			isa = XCConfigurationList;
			buildConfigurations = (
				CEEFD15D297C3386008CFE45 /* Debug */,
				CEEFD15E297C3386008CFE45 /* Release */,
			);
			defaultConfigurationIsVisible = 0;
			defaultConfigurationName = Release;
		};
/* End XCConfigurationList section */
	};
	rootObject = CEEFD133297C332A008CFE45 /* Project object */;
}
